
Microsoft Visual Studio Solution File, Format Version 12.00
# Visual Studio Version 16
VisualStudioVersion = 16.0.29215.179
MinimumVisualStudioVersion = 10.0.40219.1
Project("{FAE04EC0-301F-11D3-BF4B-00C04F79EFBC}") = "DataSevice", "DataSevice\DataSevice.csproj", "{6B007731-7CD2-437D-BAC6-51B59D9A0264}"
EndProject
Global
	GlobalSection(SolutionConfigurationPlatforms) = preSolution
		Debug|Any CPU = Debug|Any CPU
		Release|Any CPU = Release|Any CPU
	EndGlobalSection
	GlobalSection(ProjectConfigurationPlatforms) = postSolution
		{6B007731-7CD2-437D-BAC6-51B59D9A0264}.Debug|Any CPU.ActiveCfg = Debug|Any CPU
		{6B007731-7CD2-437D-BAC6-51B59D9A0264}.Debug|Any CPU.Build.0 = Debug|Any CPU
		{6B007731-7CD2-437D-BAC6-51B59D9A0264}.Release|Any CPU.ActiveCfg = Release|Any CPU
		{6B007731-7CD2-437D-BAC6-51B59D9A0264}.Release|Any CPU.Build.0 = Release|Any CPU
	EndGlobalSection
	GlobalSection(SolutionProperties) = preSolution
		HideSolutionNode = FALSE
	EndGlobalSection
	GlobalSection(ExtensibilityGlobals) = postSolution
		SolutionGuid = {70690284-A2DA-410E-925D-AA7B0F8901F0}
	EndGlobalSection
EndGlobal
